// !$*UTF8*$!
{
	archiveVersion = 1;
	classes = {
	};
	objectVersion = 46;
	objects = {

/* Begin PBXBuildFile section */
		158DF5B71B3F357F00C9A0B1 /* AppDelegate.swift in Sources */ = {isa = PBXBuildFile; fileRef = 158DF5B61B3F357F00C9A0B1 /* AppDelegate.swift */; };
		158DF5BA1B3F357F00C9A0B1 /* ReMind.xcdatamodeld in Sources */ = {isa = PBXBuildFile; fileRef = 158DF5B81B3F357F00C9A0B1 /* ReMind.xcdatamodeld */; };
		158DF5BF1B3F357F00C9A0B1 /* Main.storyboard in Resources */ = {isa = PBXBuildFile; fileRef = 158DF5BD1B3F357F00C9A0B1 /* Main.storyboard */; };
		158DF5C11B3F357F00C9A0B1 /* Images.xcassets in Resources */ = {isa = PBXBuildFile; fileRef = 158DF5C01B3F357F00C9A0B1 /* Images.xcassets */; };
		158DF5C41B3F357F00C9A0B1 /* LaunchScreen.xib in Resources */ = {isa = PBXBuildFile; fileRef = 158DF5C21B3F357F00C9A0B1 /* LaunchScreen.xib */; };
		158DF5D01B3F357F00C9A0B1 /* ReMindTests.swift in Sources */ = {isa = PBXBuildFile; fileRef = 158DF5CF1B3F357F00C9A0B1 /* ReMindTests.swift */; };
		15B926871B3F7F6600D67D15 /* ItemGridCollectionCell.swift in Sources */ = {isa = PBXBuildFile; fileRef = 15B926861B3F7F6600D67D15 /* ItemGridCollectionCell.swift */; };
		15DE42A11B3F3A4C00963CC2 /* ItemGridCollectionViewController.swift in Sources */ = {isa = PBXBuildFile; fileRef = 15DE42A01B3F3A4C00963CC2 /* ItemGridCollectionViewController.swift */; };
/* End PBXBuildFile section */

/* Begin PBXContainerItemProxy section */
		158DF5CA1B3F357F00C9A0B1 /* PBXContainerItemProxy */ = {
			isa = PBXContainerItemProxy;
			containerPortal = 158DF5A91B3F357F00C9A0B1 /* Project object */;
			proxyType = 1;
			remoteGlobalIDString = 158DF5B01B3F357F00C9A0B1;
			remoteInfo = ReMind;
		};
/* End PBXContainerItemProxy section */

/* Begin PBXFileReference section */
		158DF5B11B3F357F00C9A0B1 /* ReMind.app */ = {isa = PBXFileReference; explicitFileType = wrapper.application; includeInIndex = 0; path = ReMind.app; sourceTree = BUILT_PRODUCTS_DIR; };
		158DF5B51B3F357F00C9A0B1 /* Info.plist */ = {isa = PBXFileReference; lastKnownFileType = text.plist.xml; path = Info.plist; sourceTree = "<group>"; };
		158DF5B61B3F357F00C9A0B1 /* AppDelegate.swift */ = {isa = PBXFileReference; lastKnownFileType = sourcecode.swift; path = AppDelegate.swift; sourceTree = "<group>"; };
		158DF5B91B3F357F00C9A0B1 /* ReMind.xcdatamodel */ = {isa = PBXFileReference; lastKnownFileType = wrapper.xcdatamodel; path = ReMind.xcdatamodel; sourceTree = "<group>"; };
		158DF5BE1B3F357F00C9A0B1 /* Base */ = {isa = PBXFileReference; lastKnownFileType = file.storyboard; name = Base; path = Base.lproj/Main.storyboard; sourceTree = "<group>"; };
		158DF5C01B3F357F00C9A0B1 /* Images.xcassets */ = {isa = PBXFileReference; lastKnownFileType = folder.assetcatalog; path = Images.xcassets; sourceTree = "<group>"; };
		158DF5C31B3F357F00C9A0B1 /* Base */ = {isa = PBXFileReference; lastKnownFileType = file.xib; name = Base; path = Base.lproj/LaunchScreen.xib; sourceTree = "<group>"; };
		158DF5C91B3F357F00C9A0B1 /* ReMindTests.xctest */ = {isa = PBXFileReference; explicitFileType = wrapper.cfbundle; includeInIndex = 0; path = ReMindTests.xctest; sourceTree = BUILT_PRODUCTS_DIR; };
		158DF5CE1B3F357F00C9A0B1 /* Info.plist */ = {isa = PBXFileReference; lastKnownFileType = text.plist.xml; path = Info.plist; sourceTree = "<group>"; };
		158DF5CF1B3F357F00C9A0B1 /* ReMindTests.swift */ = {isa = PBXFileReference; lastKnownFileType = sourcecode.swift; path = ReMindTests.swift; sourceTree = "<group>"; };
		15B926861B3F7F6600D67D15 /* ItemGridCollectionCell.swift */ = {isa = PBXFileReference; fileEncoding = 4; lastKnownFileType = sourcecode.swift; path = ItemGridCollectionCell.swift; sourceTree = "<group>"; };
		15DE42A01B3F3A4C00963CC2 /* ItemGridCollectionViewController.swift */ = {isa = PBXFileReference; fileEncoding = 4; lastKnownFileType = sourcecode.swift; path = ItemGridCollectionViewController.swift; sourceTree = "<group>"; };
/* End PBXFileReference section */

/* Begin PBXFrameworksBuildPhase section */
		158DF5AE1B3F357F00C9A0B1 /* Frameworks */ = {
			isa = PBXFrameworksBuildPhase;
			buildActionMask = 2147483647;
			files = (
			);
			runOnlyForDeploymentPostprocessing = 0;
		};
		158DF5C61B3F357F00C9A0B1 /* Frameworks */ = {
			isa = PBXFrameworksBuildPhase;
			buildActionMask = 2147483647;
			files = (
			);
			runOnlyForDeploymentPostprocessing = 0;
		};
/* End PBXFrameworksBuildPhase section */

/* Begin PBXGroup section */
		158DF5A81B3F357F00C9A0B1 = {
			isa = PBXGroup;
			children = (
				158DF5B31B3F357F00C9A0B1 /* ReMind */,
				158DF5CC1B3F357F00C9A0B1 /* ReMindTests */,
				158DF5B21B3F357F00C9A0B1 /* Products */,
			);
			sourceTree = "<group>";
		};
		158DF5B21B3F357F00C9A0B1 /* Products */ = {
			isa = PBXGroup;
			children = (
				158DF5B11B3F357F00C9A0B1 /* ReMind.app */,
				158DF5C91B3F357F00C9A0B1 /* ReMindTests.xctest */,
			);
			name = Products;
			sourceTree = "<group>";
		};
		158DF5B31B3F357F00C9A0B1 /* ReMind */ = {
			isa = PBXGroup;
			children = (
				15B926861B3F7F6600D67D15 /* ItemGridCollectionCell.swift */,
				158DF5B61B3F357F00C9A0B1 /* AppDelegate.swift */,
				15DE42A01B3F3A4C00963CC2 /* ItemGridCollectionViewController.swift */,
				158DF5BD1B3F357F00C9A0B1 /* Main.storyboard */,
				158DF5C01B3F357F00C9A0B1 /* Images.xcassets */,
				158DF5C21B3F357F00C9A0B1 /* LaunchScreen.xib */,
				158DF5B81B3F357F00C9A0B1 /* ReMind.xcdatamodeld */,
				158DF5B41B3F357F00C9A0B1 /* Supporting Files */,
			);
			path = ReMind;
			sourceTree = "<group>";
		};
		158DF5B41B3F357F00C9A0B1 /* Supporting Files */ = {
			isa = PBXGroup;
			children = (
				158DF5B51B3F357F00C9A0B1 /* Info.plist */,
			);
			name = "Supporting Files";
			sourceTree = "<group>";
		};
		158DF5CC1B3F357F00C9A0B1 /* ReMindTests */ = {
			isa = PBXGroup;
			children = (
				158DF5CF1B3F357F00C9A0B1 /* ReMindTests.swift */,
				158DF5CD1B3F357F00C9A0B1 /* Supporting Files */,
			);
			path = ReMindTests;
			sourceTree = "<group>";
		};
		158DF5CD1B3F357F00C9A0B1 /* Supporting Files */ = {
			isa = PBXGroup;
			children = (
				158DF5CE1B3F357F00C9A0B1 /* Info.plist */,
			);
			name = "Supporting Files";
			sourceTree = "<group>";
		};
/* End PBXGroup section */

/* Begin PBXNativeTarget section */
		158DF5B01B3F357F00C9A0B1 /* ReMind */ = {
			isa = PBXNativeTarget;
			buildConfigurationList = 158DF5D31B3F357F00C9A0B1 /* Build configuration list for PBXNativeTarget "ReMind" */;
			buildPhases = (
				158DF5AD1B3F357F00C9A0B1 /* Sources */,
				158DF5AE1B3F357F00C9A0B1 /* Frameworks */,
				158DF5AF1B3F357F00C9A0B1 /* Resources */,
			);
			buildRules = (
			);
			dependencies = (
			);
			name = ReMind;
			productName = ReMind;
			productReference = 158DF5B11B3F357F00C9A0B1 /* ReMind.app */;
			productType = "com.apple.product-type.application";
		};
		158DF5C81B3F357F00C9A0B1 /* ReMindTests */ = {
			isa = PBXNativeTarget;
			buildConfigurationList = 158DF5D61B3F357F00C9A0B1 /* Build configuration list for PBXNativeTarget "ReMindTests" */;
			buildPhases = (
				158DF5C51B3F357F00C9A0B1 /* Sources */,
				158DF5C61B3F357F00C9A0B1 /* Frameworks */,
				158DF5C71B3F357F00C9A0B1 /* Resources */,
			);
			buildRules = (
			);
			dependencies = (
				158DF5CB1B3F357F00C9A0B1 /* PBXTargetDependency */,
			);
			name = ReMindTests;
			productName = ReMindTests;
			productReference = 158DF5C91B3F357F00C9A0B1 /* ReMindTests.xctest */;
			productType = "com.apple.product-type.bundle.unit-test";
		};
/* End PBXNativeTarget section */

/* Begin PBXProject section */
		158DF5A91B3F357F00C9A0B1 /* Project object */ = {
			isa = PBXProject;
			attributes = {
				LastUpgradeCheck = 0630;
				ORGANIZATIONNAME = BattleHack;
				TargetAttributes = {
					158DF5B01B3F357F00C9A0B1 = {
						CreatedOnToolsVersion = 6.3.2;
						DevelopmentTeam = AYXT78EP2P;
					};
					158DF5C81B3F357F00C9A0B1 = {
						CreatedOnToolsVersion = 6.3.2;
						TestTargetID = 158DF5B01B3F357F00C9A0B1;
					};
				};
			};
			buildConfigurationList = 158DF5AC1B3F357F00C9A0B1 /* Build configuration list for PBXProject "ReMind" */;
			compatibilityVersion = "Xcode 3.2";
			developmentRegion = English;
			hasScannedForEncodings = 0;
			knownRegions = (
				en,
				Base,
			);
			mainGroup = 158DF5A81B3F357F00C9A0B1;
			productRefGroup = 158DF5B21B3F357F00C9A0B1 /* Products */;
			projectDirPath = "";
			projectRoot = "";
			targets = (
				158DF5B01B3F357F00C9A0B1 /* ReMind */,
				158DF5C81B3F357F00C9A0B1 /* ReMindTests */,
			);
		};
/* End PBXProject section */

/* Begin PBXResourcesBuildPhase section */
		158DF5AF1B3F357F00C9A0B1 /* Resources */ = {
			isa = PBXResourcesBuildPhase;
			buildActionMask = 2147483647;
			files = (
				158DF5BF1B3F357F00C9A0B1 /* Main.storyboard in Resources */,
				158DF5C41B3F357F00C9A0B1 /* LaunchScreen.xib in Resources */,
				158DF5C11B3F357F00C9A0B1 /* Images.xcassets in Resources */,
			);
			runOnlyForDeploymentPostprocessing = 0;
		};
		158DF5C71B3F357F00C9A0B1 /* Resources */ = {
			isa = PBXResourcesBuildPhase;
			buildActionMask = 2147483647;
			files = (
			);
			runOnlyForDeploymentPostprocessing = 0;
		};
/* End PBXResourcesBuildPhase section */

/* Begin PBXSourcesBuildPhase section */
		158DF5AD1B3F357F00C9A0B1 /* Sources */ = {
			isa = PBXSourcesBuildPhase;
			buildActionMask = 2147483647;
			files = (
				15B926871B3F7F6600D67D15 /* ItemGridCollectionCell.swift in Sources */,
				15DE42A11B3F3A4C00963CC2 /* ItemGridCollectionViewController.swift in Sources */,
				158DF5BA1B3F357F00C9A0B1 /* ReMind.xcdatamodeld in Sources */,
				158DF5B71B3F357F00C9A0B1 /* AppDelegate.swift in Sources */,
			);
			runOnlyForDeploymentPostprocessing = 0;
		};
		158DF5C51B3F357F00C9A0B1 /* Sources */ = {
			isa = PBXSourcesBuildPhase;
			buildActionMask = 2147483647;
			files = (
				158DF5D01B3F357F00C9A0B1 /* ReMindTests.swift in Sources */,
			);
			runOnlyForDeploymentPostprocessing = 0;
		};
/* End PBXSourcesBuildPhase section */

/* Begin PBXTargetDependency section */
		158DF5CB1B3F357F00C9A0B1 /* PBXTargetDependency */ = {
			isa = PBXTargetDependency;
			target = 158DF5B01B3F357F00C9A0B1 /* ReMind */;
			targetProxy = 158DF5CA1B3F357F00C9A0B1 /* PBXContainerItemProxy */;
		};
/* End PBXTargetDependency section */

/* Begin PBXVariantGroup section */
		158DF5BD1B3F357F00C9A0B1 /* Main.storyboard */ = {
			isa = PBXVariantGroup;
			children = (
				158DF5BE1B3F357F00C9A0B1 /* Base */,
			);
			name = Main.storyboard;
			sourceTree = "<group>";
		};
		158DF5C21B3F357F00C9A0B1 /* LaunchScreen.xib */ = {
			isa = PBXVariantGroup;
			children = (
				158DF5C31B3F357F00C9A0B1 /* Base */,
			);
			name = LaunchScreen.xib;
			sourceTree = "<group>";
		};
/* End PBXVariantGroup section */

/* Begin XCBuildConfiguration section */
		158DF5D11B3F357F00C9A0B1 /* Debug */ = {
			isa = XCBuildConfiguration;
			buildSettings = {
				ALWAYS_SEARCH_USER_PATHS = NO;
				CLANG_CXX_LANGUAGE_STANDARD = "gnu++0x";
				CLANG_CXX_LIBRARY = "libc++";
				CLANG_ENABLE_MODULES = YES;
				CLANG_ENABLE_OBJC_ARC = YES;
				CLANG_WARN_BOOL_CONVERSION = YES;
				CLANG_WARN_CONSTANT_CONVERSION = YES;
				CLANG_WARN_DIRECT_OBJC_ISA_USAGE = YES_ERROR;
				CLANG_WARN_EMPTY_BODY = YES;
				CLANG_WARN_ENUM_CONVERSION = YES;
				CLANG_WARN_INT_CONVERSION = YES;
				CLANG_WARN_OBJC_ROOT_CLASS = YES_ERROR;
				CLANG_WARN_UNREACHABLE_CODE = YES;
				CLANG_WARN__DUPLICATE_METHOD_MATCH = YES;
				"CODE_SIGN_IDENTITY[sdk=iphoneos*]" = "iPhone Developer";
				COPY_PHASE_STRIP = NO;
				DEBUG_INFORMATION_FORMAT = "dwarf-with-dsym";
				ENABLE_STRICT_OBJC_MSGSEND = YES;
				GCC_C_LANGUAGE_STANDARD = gnu99;
				GCC_DYNAMIC_NO_PIC = NO;
				GCC_NO_COMMON_BLOCKS = YES;
				GCC_OPTIMIZATION_LEVEL = 0;
				GCC_PREPROCESSOR_DEFINITIONS = (
					"DEBUG=1",
					"$(inherited)",
				);
				GCC_SYMBOLS_PRIVATE_EXTERN = NO;
				GCC_WARN_64_TO_32_BIT_CONVERSION = YES;
				GCC_WARN_ABOUT_RETURN_TYPE = YES_ERROR;
				GCC_WARN_UNDECLARED_SELECTOR = YES;
				GCC_WARN_UNINITIALIZED_AUTOS = YES_AGGRESSIVE;
				GCC_WARN_UNUSED_FUNCTION = YES;
				GCC_WARN_UNUSED_VARIABLE = YES;
				IPHONEOS_DEPLOYMENT_TARGET = 8.3;
				MTL_ENABLE_DEBUG_INFO = YES;
				ONLY_ACTIVE_ARCH = YES;
				SDKROOT = iphoneos;
				SWIFT_OPTIMIZATION_LEVEL = "-Onone";
				TARGETED_DEVICE_FAMILY = "1,2";
			};
			name = Debug;
		};
		158DF5D21B3F357F00C9A0B1 /* Release */ = {
			isa = XCBuildConfiguration;
			buildSettings = {
				ALWAYS_SEARCH_USER_PATHS = NO;
				CLANG_CXX_LANGUAGE_STANDARD = "gnu++0x";
				CLANG_CXX_LIBRARY = "libc++";
				CLANG_ENABLE_MODULES = YES;
				CLANG_ENABLE_OBJC_ARC = YES;
				CLANG_WARN_BOOL_CONVERSION = YES;
				CLANG_WARN_CONSTANT_CONVERSION = YES;
				CLANG_WARN_DIRECT_OBJC_ISA_USAGE = YES_ERROR;
				CLANG_WARN_EMPTY_BODY = YES;
				CLANG_WARN_ENUM_CONVERSION = YES;
				CLANG_WARN_INT_CONVERSION = YES;
				CLANG_WARN_OBJC_ROOT_CLASS = YES_ERROR;
				CLANG_WARN_UNREACHABLE_CODE = YES;
				CLANG_WARN__DUPLICATE_METHOD_MATCH = YES;
				"CODE_SIGN_IDENTITY[sdk=iphoneos*]" = "iPhone Developer";
				COPY_PHASE_STRIP = NO;
				DEBUG_INFORMATION_FORMAT = "dwarf-with-dsym";
				ENABLE_NS_ASSERTIONS = NO;
				ENABLE_STRICT_OBJC_MSGSEND = YES;
				GCC_C_LANGUAGE_STANDARD = gnu99;
				GCC_NO_COMMON_BLOCKS = YES;
				GCC_WARN_64_TO_32_BIT_CONVERSION = YES;
				GCC_WARN_ABOUT_RETURN_TYPE = YES_ERROR;
				GCC_WARN_UNDECLARED_SELECTOR = YES;
				GCC_WARN_UNINITIALIZED_AUTOS = YES_AGGRESSIVE;
				GCC_WARN_UNUSED_FUNCTION = YES;
				GCC_WARN_UNUSED_VARIABLE = YES;
				IPHONEOS_DEPLOYMENT_TARGET = 8.3;
				MTL_ENABLE_DEBUG_INFO = NO;
				SDKROOT = iphoneos;
				TARGETED_DEVICE_FAMILY = "1,2";
				VALIDATE_PRODUCT = YES;
			};
			name = Release;
		};
		158DF5D41B3F357F00C9A0B1 /* Debug */ = {
			isa = XCBuildConfiguration;
			buildSettings = {
				ASSETCATALOG_COMPILER_APPICON_NAME = AppIcon;
				CODE_SIGN_IDENTITY = "iPhone Developer";
				"CODE_SIGN_IDENTITY[sdk=iphoneos*]" = "iPhone Developer";
				INFOPLIST_FILE = ReMind/Info.plist;
				LD_RUNPATH_SEARCH_PATHS = "$(inherited) @executable_path/Frameworks";
				PRODUCT_NAME = "$(TARGET_NAME)";
				PROVISIONING_PROFILE = "";
			};
			name = Debug;
		};
		158DF5D51B3F357F00C9A0B1 /* Release */ = {
			isa = XCBuildConfiguration;
			buildSettings = {
				ASSETCATALOG_COMPILER_APPICON_NAME = AppIcon;
				CODE_SIGN_IDENTITY = "iPhone Developer";
				"CODE_SIGN_IDENTITY[sdk=iphoneos*]" = "iPhone Developer";
				INFOPLIST_FILE = ReMind/Info.plist;
				LD_RUNPATH_SEARCH_PATHS = "$(inherited) @executable_path/Frameworks";
				PRODUCT_NAME = "$(TARGET_NAME)";
				PROVISIONING_PROFILE = "";
			};
			name = Release;
		};
		158DF5D71B3F357F00C9A0B1 /* Debug */ = {
			isa = XCBuildConfiguration;
			buildSettings = {
				BUNDLE_LOADER = "$(TEST_HOST)";
				FRAMEWORK_SEARCH_PATHS = (
					"$(SDKROOT)/Developer/Library/Frameworks",
					"$(inherited)",
				);
				GCC_PREPROCESSOR_DEFINITIONS = (
					"DEBUG=1",
					"$(inherited)",
				);
				INFOPLIST_FILE = ReMindTests/Info.plist;
				LD_RUNPATH_SEARCH_PATHS = "$(inherited) @executable_path/Frameworks @loader_path/Frameworks";
				PRODUCT_NAME = "$(TARGET_NAME)";
				TEST_HOST = "$(BUILT_PRODUCTS_DIR)/ReMind.app/ReMind";
			};
			name = Debug;
		};
		158DF5D81B3F357F00C9A0B1 /* Release */ = {
			isa = XCBuildConfiguration;
			buildSettings = {
				BUNDLE_LOADER = "$(TEST_HOST)";
				FRAMEWORK_SEARCH_PATHS = (
					"$(SDKROOT)/Developer/Library/Frameworks",
					"$(inherited)",
				);
				INFOPLIST_FILE = ReMindTests/Info.plist;
				LD_RUNPATH_SEARCH_PATHS = "$(inherited) @executable_path/Frameworks @loader_path/Frameworks";
				PRODUCT_NAME = "$(TARGET_NAME)";
				TEST_HOST = "$(BUILT_PRODUCTS_DIR)/ReMind.app/ReMind";
			};
			name = Release;
		};
/* End XCBuildConfiguration section */

/* Begin XCConfigurationList section */
		158DF5AC1B3F357F00C9A0B1 /* Build configuration list for PBXProject "ReMind" */ = {
			isa = XCConfigurationList;
			buildConfigurations = (
				158DF5D11B3F357F00C9A0B1 /* Debug */,
				158DF5D21B3F357F00C9A0B1 /* Release */,
			);
			defaultConfigurationIsVisible = 0;
			defaultConfigurationName = Release;
		};
		158DF5D31B3F357F00C9A0B1 /* Build configuration list for PBXNativeTarget "ReMind" */ = {
			isa = XCConfigurationList;
			buildConfigurations = (
				158DF5D41B3F357F00C9A0B1 /* Debug */,
				158DF5D51B3F357F00C9A0B1 /* Release */,
			);
			defaultConfigurationIsVisible = 0;
			defaultConfigurationName = Release;
		};
		158DF5D61B3F357F00C9A0B1 /* Build configuration list for PBXNativeTarget "ReMindTests" */ = {
			isa = XCConfigurationList;
			buildConfigurations = (
				158DF5D71B3F357F00C9A0B1 /* Debug */,
				158DF5D81B3F357F00C9A0B1 /* Release */,
			);
			defaultConfigurationIsVisible = 0;
			defaultConfigurationName = Release;
		};
/* End XCConfigurationList section */

/* Begin XCVersionGroup section */
		158DF5B81B3F357F00C9A0B1 /* ReMind.xcdatamodeld */ = {
			isa = XCVersionGroup;
			children = (
				158DF5B91B3F357F00C9A0B1 /* ReMind.xcdatamodel */,
			);
			currentVersion = 158DF5B91B3F357F00C9A0B1 /* ReMind.xcdatamodel */;
			path = ReMind.xcdatamodeld;
			sourceTree = "<group>";
			versionGroupType = wrapper.xcdatamodel;
		};
/* End XCVersionGroup section */
	};
	rootObject = 158DF5A91B3F357F00C9A0B1 /* Project object */;
}
